
Microsoft Visual Studio Solution File, Format Version 12.00
# Visual Studio Version 17
VisualStudioVersion = 17.14.37216.2 d17.14
MinimumVisualStudioVersion = 10.0.40219.1
Project("{FAE04EC0-301F-11D3-BF4B-00C04F79EFBC}") = "LibraryApi", "LibraryApi.csproj", "{D8702C00-4C6C-DB2F-1210-F7577BDB4928}"
EndProject
Project("{FAE04EC0-301F-11D3-BF4B-00C04F79EFBC}") = "Library.DataAccess", "..\Library.DataAccess\Library.DataAccess.csproj", "{DBC78BA7-59DE-4F19-BAD9-C0CF1071DBEF}"
EndProject
Global
	GlobalSection(SolutionConfigurationPlatforms) = preSolution
		Debug|Any CPU = Debug|Any CPU
		Release|Any CPU = Release|Any CPU
	EndGlobalSection
	GlobalSection(ProjectConfigurationPlatforms) = postSolution
		{D8702C00-4C6C-DB2F-1210-F7577BDB4928}.Debug|Any CPU.ActiveCfg = Debug|Any CPU
		{D8702C00-4C6C-DB2F-1210-F7577BDB4928}.Debug|Any CPU.Build.0 = Debug|Any CPU
		{D8702C00-4C6C-DB2F-1210-F7577BDB4928}.Release|Any CPU.ActiveCfg = Release|Any CPU
		{D8702C00-4C6C-DB2F-1210-F7577BDB4928}.Release|Any CPU.Build.0 = Release|Any CPU
		{DBC78BA7-59DE-4F19-BAD9-C0CF1071DBEF}.Debug|Any CPU.ActiveCfg = Debug|Any CPU
		{DBC78BA7-59DE-4F19-BAD9-C0CF1071DBEF}.Debug|Any CPU.Build.0 = Debug|Any CPU
		{DBC78BA7-59DE-4F19-BAD9-C0CF1071DBEF}.Release|Any CPU.ActiveCfg = Release|Any CPU
		{DBC78BA7-59DE-4F19-BAD9-C0CF1071DBEF}.Release|Any CPU.Build.0 = Release|Any CPU
	EndGlobalSection
	GlobalSection(SolutionProperties) = preSolution
		HideSolutionNode = FALSE
	EndGlobalSection
	GlobalSection(ExtensibilityGlobals) = postSolution
		SolutionGuid = {FD33B124-8E2F-464F-8C27-D7AB56CCAC32}
	EndGlobalSection
EndGlobal
